
Microsoft Visual Studio Solution File, Format Version 12.00
# Visual Studio 15
VisualStudioVersion = 15.0.28010.2019
MinimumVisualStudioVersion = 10.0.40219.1
Project("{FAE04EC0-301F-11D3-BF4B-00C04F79EFBC}") = "Hi-Lo_Game", "Hi-Lo_Game\Hi-Lo_Game.csproj", "{65809F81-E895-4FA7-994B-2A958F251AE1}"
EndProject
Global
	GlobalSection(SolutionConfigurationPlatforms) = preSolution
		Debug|Any CPU = Debug|Any CPU
		Release|Any CPU = Release|Any CPU
	EndGlobalSection
	GlobalSection(ProjectConfigurationPlatforms) = postSolution
		{65809F81-E895-4FA7-994B-2A958F251AE1}.Debug|Any CPU.ActiveCfg = Debug|Any CPU
		{65809F81-E895-4FA7-994B-2A958F251AE1}.Debug|Any CPU.Build.0 = Debug|Any CPU
		{65809F81-E895-4FA7-994B-2A958F251AE1}.Release|Any CPU.ActiveCfg = Release|Any CPU
		{65809F81-E895-4FA7-994B-2A958F251AE1}.Release|Any CPU.Build.0 = Release|Any CPU
	EndGlobalSection
	GlobalSection(SolutionProperties) = preSolution
		HideSolutionNode = FALSE
	EndGlobalSection
	GlobalSection(ExtensibilityGlobals) = postSolution
		SolutionGuid = {CDE2BCAE-4D8B-4A92-9017-E9A5358706D3}
	EndGlobalSection
EndGlobal
